{
  "name": "Adventskalender",
  "lockfileVersion": 2,
  "requires": true,
  "packages": {
    "": {
      "name": "Adventskalender",
      "dependencies": {
        "a-star": "^0.2.0"
      }
    },
    "node_modules/a-star": {
      "version": "0.2.0",
      "resolved": "https://registry.npmjs.org/a-star/-/a-star-0.2.0.tgz",
      "integrity": "sha1-oUI8gww7+aJZ1JC/vycQ55LwRPk=",
      "dependencies": {
        "dict": "^1.4.0",
        "heap": "^0.2.3",
        "Set": "^0.4.1"
      }
    },
    "node_modules/dict": {
      "version": "1.4.0",
      "resolved": "https://registry.npmjs.org/dict/-/dict-1.4.0.tgz",
      "integrity": "sha1-g9h9V88MSsDYNGCESLEKbiO7/qA="
    },
    "node_modules/heap": {
      "version": "0.2.7",
      "resolved": "https://registry.npmjs.org/heap/-/heap-0.2.7.tgz",
      "integrity": "sha512-2bsegYkkHO+h/9MGbn6KWcE45cHZgPANo5LXF7EvWdT0yT2EguSVO1nDgU5c8+ZOPwp2vMNa7YFsJhVcDR9Sdg=="
    },
    "node_modules/Set": {
      "version": "0.4.1",
      "resolved": "https://registry.npmjs.org/Set/-/Set-0.4.1.tgz",
      "integrity": "sha1-g4VYe+mGPknS/9eoXhoeSxFjPKY=",
      "engines": {
        "node": "*"
      }
    }
  },
  "dependencies": {
    "a-star": {
      "version": "0.2.0",
      "resolved": "https://registry.npmjs.org/a-star/-/a-star-0.2.0.tgz",
      "integrity": "sha1-oUI8gww7+aJZ1JC/vycQ55LwRPk=",
      "requires": {
        "dict": "^1.4.0",
        "heap": "^0.2.3",
        "Set": "^0.4.1"
      }
    },
    "dict": {
      "version": "1.4.0",
      "resolved": "https://registry.npmjs.org/dict/-/dict-1.4.0.tgz",
      "integrity": "sha1-g9h9V88MSsDYNGCESLEKbiO7/qA="
    },
    "heap": {
      "version": "0.2.7",
      "resolved": "https://registry.npmjs.org/heap/-/heap-0.2.7.tgz",
      "integrity": "sha512-2bsegYkkHO+h/9MGbn6KWcE45cHZgPANo5LXF7EvWdT0yT2EguSVO1nDgU5c8+ZOPwp2vMNa7YFsJhVcDR9Sdg=="
    },
    "Set": {
      "version": "0.4.1",
      "resolved": "https://registry.npmjs.org/Set/-/Set-0.4.1.tgz",
      "integrity": "sha1-g4VYe+mGPknS/9eoXhoeSxFjPKY="
    }
  }
}
